
Microsoft Visual Studio Solution File, Format Version 12.00
# Visual Studio 15
VisualStudioVersion = 15.0.28010.2046
MinimumVisualStudioVersion = 10.0.40219.1
Project("{D954291E-2A0B-460D-934E-DC6B0785DB48}") = "UnoGroupedListViewRepro.Shared", "UnoGroupedListViewRepro\UnoGroupedListViewRepro.Shared\UnoGroupedListViewRepro.Shared.shproj", "{6279C845-92F8-4333-AB99-3D213163593C}"
EndProject
Project("{FAE04EC0-301F-11D3-BF4B-00C04F79EFBC}") = "UnoGroupedListViewRepro.Droid", "UnoGroupedListViewRepro\UnoGroupedListViewRepro.Droid\UnoGroupedListViewRepro.Droid.csproj", "{14A0C3A9-75F5-4E86-AF46-9FAF5F7C69DB}"
EndProject
Project("{FAE04EC0-301F-11D3-BF4B-00C04F79EFBC}") = "UnoGroupedListViewRepro.iOS", "UnoGroupedListViewRepro\UnoGroupedListViewRepro.iOS\UnoGroupedListViewRepro.iOS.csproj", "{D118B2D2-D510-4462-B2CF-3A9932F96683}"
EndProject
Project("{FAE04EC0-301F-11D3-BF4B-00C04F79EFBC}") = "UnoGroupedListViewRepro.UWP", "UnoGroupedListViewRepro\UnoGroupedListViewRepro.UWP\UnoGroupedListViewRepro.UWP.csproj", "{E4026C74-8794-48A5-8400-DB820A145CC5}"
EndProject
Project("{FAE04EC0-301F-11D3-BF4B-00C04F79EFBC}") = "UnoGroupedListViewRepro.Wasm", "UnoGroupedListViewRepro\UnoGroupedListViewRepro.Wasm\UnoGroupedListViewRepro.Wasm.csproj", "{D3E2A756-F7E5-491A-AAA8-329E506C78CA}"
EndProject
Global
	GlobalSection(SharedMSBuildProjectFiles) = preSolution
		UnoGroupedListViewRepro\UnoGroupedListViewRepro.Shared\UnoGroupedListViewRepro.Shared.projitems*{6279c845-92f8-4333-ab99-3d213163593c}*SharedItemsImports = 13
	EndGlobalSection
	GlobalSection(SolutionConfigurationPlatforms) = preSolution
		Ad-Hoc|Any CPU = Ad-Hoc|Any CPU
		Ad-Hoc|ARM = Ad-Hoc|ARM
		Ad-Hoc|iPhone = Ad-Hoc|iPhone
		Ad-Hoc|iPhoneSimulator = Ad-Hoc|iPhoneSimulator
		Ad-Hoc|x64 = Ad-Hoc|x64
		Ad-Hoc|x86 = Ad-Hoc|x86
		AppStore|Any CPU = AppStore|Any CPU
		AppStore|ARM = AppStore|ARM
		AppStore|iPhone = AppStore|iPhone
		AppStore|iPhoneSimulator = AppStore|iPhoneSimulator
		AppStore|x64 = AppStore|x64
		AppStore|x86 = AppStore|x86
		Debug|Any CPU = Debug|Any CPU
		Debug|ARM = Debug|ARM
		Debug|iPhone = Debug|iPhone
		Debug|iPhoneSimulator = Debug|iPhoneSimulator
		Debug|x64 = Debug|x64
		Debug|x86 = Debug|x86
		Release|Any CPU = Release|Any CPU
		Release|ARM = Release|ARM
		Release|iPhone = Release|iPhone
		Release|iPhoneSimulator = Release|iPhoneSimulator
		Release|x64 = Release|x64
		Release|x86 = Release|x86
	EndGlobalSection
	GlobalSection(ProjectConfigurationPlatforms) = postSolution
		{14A0C3A9-75F5-4E86-AF46-9FAF5F7C69DB}.Ad-Hoc|Any CPU.ActiveCfg = Release|Any CPU
		{14A0C3A9-75F5-4E86-AF46-9FAF5F7C69DB}.Ad-Hoc|Any CPU.Build.0 = Release|Any CPU
		{14A0C3A9-75F5-4E86-AF46-9FAF5F7C69DB}.Ad-Hoc|Any CPU.Deploy.0 = Release|Any CPU
		{14A0C3A9-75F5-4E86-AF46-9FAF5F7C69DB}.Ad-Hoc|ARM.ActiveCfg = Release|Any CPU
		{14A0C3A9-75F5-4E86-AF46-9FAF5F7C69DB}.Ad-Hoc|ARM.Build.0 = Release|Any CPU
		{14A0C3A9-75F5-4E86-AF46-9FAF5F7C69DB}.Ad-Hoc|ARM.Deploy.0 = Release|Any CPU
		{14A0C3A9-75F5-4E86-AF46-9FAF5F7C69DB}.Ad-Hoc|iPhone.ActiveCfg = Release|Any CPU
		{14A0C3A9-75F5-4E86-AF46-9FAF5F7C69DB}.Ad-Hoc|iPhone.Build.0 = Release|Any CPU
		{14A0C3A9-75F5-4E86-AF46-9FAF5F7C69DB}.Ad-Hoc|iPhone.Deploy.0 = Release|Any CPU
		{14A0C3A9-75F5-4E86-AF46-9FAF5F7C69DB}.Ad-Hoc|iPhoneSimulator.ActiveCfg = Release|Any CPU
		{14A0C3A9-75F5-4E86-AF46-9FAF5F7C69DB}.Ad-Hoc|iPhoneSimulator.Build.0 = Release|Any CPU
		{14A0C3A9-75F5-4E86-AF46-9FAF5F7C69DB}.Ad-Hoc|iPhoneSimulator.Deploy.0 = Release|Any CPU
		{14A0C3A9-75F5-4E86-AF46-9FAF5F7C69DB}.Ad-Hoc|x64.ActiveCfg = Release|Any CPU
		{14A0C3A9-75F5-4E86-AF46-9FAF5F7C69DB}.Ad-Hoc|x64.Build.0 = Release|Any CPU
		{14A0C3A9-75F5-4E86-AF46-9FAF5F7C69DB}.Ad-Hoc|x64.Deploy.0 = Release|Any CPU
		{14A0C3A9-75F5-4E86-AF46-9FAF5F7C69DB}.Ad-Hoc|x86.ActiveCfg = Release|Any CPU
		{14A0C3A9-75F5-4E86-AF46-9FAF5F7C69DB}.Ad-Hoc|x86.Build.0 = Release|Any CPU
		{14A0C3A9-75F5-4E86-AF46-9FAF5F7C69DB}.Ad-Hoc|x86.Deploy.0 = Release|Any CPU
		{14A0C3A9-75F5-4E86-AF46-9FAF5F7C69DB}.AppStore|Any CPU.ActiveCfg = Release|Any CPU
		{14A0C3A9-75F5-4E86-AF46-9FAF5F7C69DB}.AppStore|Any CPU.Build.0 = Release|Any CPU
		{14A0C3A9-75F5-4E86-AF46-9FAF5F7C69DB}.AppStore|Any CPU.Deploy.0 = Release|Any CPU
		{14A0C3A9-75F5-4E86-AF46-9FAF5F7C69DB}.AppStore|ARM.ActiveCfg = Release|Any CPU
		{14A0C3A9-75F5-4E86-AF46-9FAF5F7C69DB}.AppStore|ARM.Build.0 = Release|Any CPU
		{14A0C3A9-75F5-4E86-AF46-9FAF5F7C69DB}.AppStore|ARM.Deploy.0 = Release|Any CPU
		{14A0C3A9-75F5-4E86-AF46-9FAF5F7C69DB}.AppStore|iPhone.ActiveCfg = Release|Any CPU
		{14A0C3A9-75F5-4E86-AF46-9FAF5F7C69DB}.AppStore|iPhone.Build.0 = Release|Any CPU
		{14A0C3A9-75F5-4E86-AF46-9FAF5F7C69DB}.AppStore|iPhone.Deploy.0 = Release|Any CPU
		{14A0C3A9-75F5-4E86-AF46-9FAF5F7C69DB}.AppStore|iPhoneSimulator.ActiveCfg = Release|Any CPU
		{14A0C3A9-75F5-4E86-AF46-9FAF5F7C69DB}.AppStore|iPhoneSimulator.Build.0 = Release|Any CPU
		{14A0C3A9-75F5-4E86-AF46-9FAF5F7C69DB}.AppStore|iPhoneSimulator.Deploy.0 = Release|Any CPU
		{14A0C3A9-75F5-4E86-AF46-9FAF5F7C69DB}.AppStore|x64.ActiveCfg = Release|Any CPU
		{14A0C3A9-75F5-4E86-AF46-9FAF5F7C69DB}.AppStore|x64.Build.0 = Release|Any CPU
		{14A0C3A9-75F5-4E86-AF46-9FAF5F7C69DB}.AppStore|x64.Deploy.0 = Release|Any CPU
		{14A0C3A9-75F5-4E86-AF46-9FAF5F7C69DB}.AppStore|x86.ActiveCfg = Release|Any CPU
		{14A0C3A9-75F5-4E86-AF46-9FAF5F7C69DB}.AppStore|x86.Build.0 = Release|Any CPU
		{14A0C3A9-75F5-4E86-AF46-9FAF5F7C69DB}.AppStore|x86.Deploy.0 = Release|Any CPU
		{14A0C3A9-75F5-4E86-AF46-9FAF5F7C69DB}.Debug|Any CPU.ActiveCfg = Debug|Any CPU
		{14A0C3A9-75F5-4E86-AF46-9FAF5F7C69DB}.Debug|Any CPU.Build.0 = Debug|Any CPU
		{14A0C3A9-75F5-4E86-AF46-9FAF5F7C69DB}.Debug|Any CPU.Deploy.0 = Debug|Any CPU
		{14A0C3A9-75F5-4E86-AF46-9FAF5F7C69DB}.Debug|ARM.ActiveCfg = Debug|Any CPU
		{14A0C3A9-75F5-4E86-AF46-9FAF5F7C69DB}.Debug|ARM.Build.0 = Debug|Any CPU
		{14A0C3A9-75F5-4E86-AF46-9FAF5F7C69DB}.Debug|ARM.Deploy.0 = Debug|Any CPU
		{14A0C3A9-75F5-4E86-AF46-9FAF5F7C69DB}.Debug|iPhone.ActiveCfg = Debug|Any CPU
		{14A0C3A9-75F5-4E86-AF46-9FAF5F7C69DB}.Debug|iPhone.Build.0 = Debug|Any CPU
		{14A0C3A9-75F5-4E86-AF46-9FAF5F7C69DB}.Debug|iPhone.Deploy.0 = Debug|Any CPU
		{14A0C3A9-75F5-4E86-AF46-9FAF5F7C69DB}.Debug|iPhoneSimulator.ActiveCfg = Debug|Any CPU
		{14A0C3A9-75F5-4E86-AF46-9FAF5F7C69DB}.Debug|iPhoneSimulator.Build.0 = Debug|Any CPU
		{14A0C3A9-75F5-4E86-AF46-9FAF5F7C69DB}.Debug|iPhoneSimulator.Deploy.0 = Debug|Any CPU
		{14A0C3A9-75F5-4E86-AF46-9FAF5F7C69DB}.Debug|x64.ActiveCfg = Debug|Any CPU
		{14A0C3A9-75F5-4E86-AF46-9FAF5F7C69DB}.Debug|x64.Build.0 = Debug|Any CPU
		{14A0C3A9-75F5-4E86-AF46-9FAF5F7C69DB}.Debug|x64.Deploy.0 = Debug|Any CPU
		{14A0C3A9-75F5-4E86-AF46-9FAF5F7C69DB}.Debug|x86.ActiveCfg = Debug|Any CPU
		{14A0C3A9-75F5-4E86-AF46-9FAF5F7C69DB}.Debug|x86.Build.0 = Debug|Any CPU
		{14A0C3A9-75F5-4E86-AF46-9FAF5F7C69DB}.Debug|x86.Deploy.0 = Debug|Any CPU
		{14A0C3A9-75F5-4E86-AF46-9FAF5F7C69DB}.Release|Any CPU.ActiveCfg = Release|Any CPU
		{14A0C3A9-75F5-4E86-AF46-9FAF5F7C69DB}.Release|Any CPU.Build.0 = Release|Any CPU
		{14A0C3A9-75F5-4E86-AF46-9FAF5F7C69DB}.Release|Any CPU.Deploy.0 = Release|Any CPU
		{14A0C3A9-75F5-4E86-AF46-9FAF5F7C69DB}.Release|ARM.ActiveCfg = Release|Any CPU
		{14A0C3A9-75F5-4E86-AF46-9FAF5F7C69DB}.Release|ARM.Build.0 = Release|Any CPU
		{14A0C3A9-75F5-4E86-AF46-9FAF5F7C69DB}.Release|ARM.Deploy.0 = Release|Any CPU
		{14A0C3A9-75F5-4E86-AF46-9FAF5F7C69DB}.Release|iPhone.ActiveCfg = Release|Any CPU
		{14A0C3A9-75F5-4E86-AF46-9FAF5F7C69DB}.Release|iPhone.Build.0 = Release|Any CPU
		{14A0C3A9-75F5-4E86-AF46-9FAF5F7C69DB}.Release|iPhone.Deploy.0 = Release|Any CPU
		{14A0C3A9-75F5-4E86-AF46-9FAF5F7C69DB}.Release|iPhoneSimulator.ActiveCfg = Release|Any CPU
		{14A0C3A9-75F5-4E86-AF46-9FAF5F7C69DB}.Release|iPhoneSimulator.Build.0 = Release|Any CPU
		{14A0C3A9-75F5-4E86-AF46-9FAF5F7C69DB}.Release|iPhoneSimulator.Deploy.0 = Release|Any CPU
		{14A0C3A9-75F5-4E86-AF46-9FAF5F7C69DB}.Release|x64.ActiveCfg = Release|Any CPU
		{14A0C3A9-75F5-4E86-AF46-9FAF5F7C69DB}.Release|x64.Build.0 = Release|Any CPU
		{14A0C3A9-75F5-4E86-AF46-9FAF5F7C69DB}.Release|x64.Deploy.0 = Release|Any CPU
		{14A0C3A9-75F5-4E86-AF46-9FAF5F7C69DB}.Release|x86.ActiveCfg = Release|Any CPU
		{14A0C3A9-75F5-4E86-AF46-9FAF5F7C69DB}.Release|x86.Build.0 = Release|Any CPU
		{14A0C3A9-75F5-4E86-AF46-9FAF5F7C69DB}.Release|x86.Deploy.0 = Release|Any CPU
		{D118B2D2-D510-4462-B2CF-3A9932F96683}.Ad-Hoc|Any CPU.ActiveCfg = Ad-Hoc|iPhone
		{D118B2D2-D510-4462-B2CF-3A9932F96683}.Ad-Hoc|ARM.ActiveCfg = Ad-Hoc|iPhone
		{D118B2D2-D510-4462-B2CF-3A9932F96683}.Ad-Hoc|iPhone.ActiveCfg = Ad-Hoc|iPhone
		{D118B2D2-D510-4462-B2CF-3A9932F96683}.Ad-Hoc|iPhone.Build.0 = Ad-Hoc|iPhone
		{D118B2D2-D510-4462-B2CF-3A9932F96683}.Ad-Hoc|iPhoneSimulator.ActiveCfg = Ad-Hoc|iPhoneSimulator
		{D118B2D2-D510-4462-B2CF-3A9932F96683}.Ad-Hoc|iPhoneSimulator.Build.0 = Ad-Hoc|iPhoneSimulator
		{D118B2D2-D510-4462-B2CF-3A9932F96683}.Ad-Hoc|x64.ActiveCfg = Ad-Hoc|iPhone
		{D118B2D2-D510-4462-B2CF-3A9932F96683}.Ad-Hoc|x86.ActiveCfg = Ad-Hoc|iPhone
		{D118B2D2-D510-4462-B2CF-3A9932F96683}.AppStore|Any CPU.ActiveCfg = AppStore|iPhone
		{D118B2D2-D510-4462-B2CF-3A9932F96683}.AppStore|ARM.ActiveCfg = AppStore|iPhone
		{D118B2D2-D510-4462-B2CF-3A9932F96683}.AppStore|iPhone.ActiveCfg = AppStore|iPhone
		{D118B2D2-D510-4462-B2CF-3A9932F96683}.AppStore|iPhone.Build.0 = AppStore|iPhone
		{D118B2D2-D510-4462-B2CF-3A9932F96683}.AppStore|iPhoneSimulator.ActiveCfg = AppStore|iPhoneSimulator
		{D118B2D2-D510-4462-B2CF-3A9932F96683}.AppStore|iPhoneSimulator.Build.0 = AppStore|iPhoneSimulator
		{D118B2D2-D510-4462-B2CF-3A9932F96683}.AppStore|x64.ActiveCfg = AppStore|iPhone
		{D118B2D2-D510-4462-B2CF-3A9932F96683}.AppStore|x86.ActiveCfg = AppStore|iPhone
		{D118B2D2-D510-4462-B2CF-3A9932F96683}.Debug|Any CPU.ActiveCfg = Debug|iPhone
		{D118B2D2-D510-4462-B2CF-3A9932F96683}.Debug|ARM.ActiveCfg = Debug|iPhone
		{D118B2D2-D510-4462-B2CF-3A9932F96683}.Debug|iPhone.ActiveCfg = Debug|iPhone
		{D118B2D2-D510-4462-B2CF-3A9932F96683}.Debug|iPhone.Build.0 = Debug|iPhone
		{D118B2D2-D510-4462-B2CF-3A9932F96683}.Debug|iPhoneSimulator.ActiveCfg = Debug|iPhoneSimulator
		{D118B2D2-D510-4462-B2CF-3A9932F96683}.Debug|iPhoneSimulator.Build.0 = Debug|iPhoneSimulator
		{D118B2D2-D510-4462-B2CF-3A9932F96683}.Debug|x64.ActiveCfg = Debug|iPhone
		{D118B2D2-D510-4462-B2CF-3A9932F96683}.Debug|x86.ActiveCfg = Debug|iPhone
		{D118B2D2-D510-4462-B2CF-3A9932F96683}.Release|Any CPU.ActiveCfg = Release|iPhone
		{D118B2D2-D510-4462-B2CF-3A9932F96683}.Release|ARM.ActiveCfg = Release|iPhone
		{D118B2D2-D510-4462-B2CF-3A9932F96683}.Release|iPhone.ActiveCfg = Release|iPhone
		{D118B2D2-D510-4462-B2CF-3A9932F96683}.Release|iPhone.Build.0 = Release|iPhone
		{D118B2D2-D510-4462-B2CF-3A9932F96683}.Release|iPhoneSimulator.ActiveCfg = Release|iPhoneSimulator
		{D118B2D2-D510-4462-B2CF-3A9932F96683}.Release|iPhoneSimulator.Build.0 = Release|iPhoneSimulator
		{D118B2D2-D510-4462-B2CF-3A9932F96683}.Release|x64.ActiveCfg = Release|iPhone
		{D118B2D2-D510-4462-B2CF-3A9932F96683}.Release|x86.ActiveCfg = Release|iPhone
		{E4026C74-8794-48A5-8400-DB820A145CC5}.Ad-Hoc|Any CPU.ActiveCfg = Release|x64
		{E4026C74-8794-48A5-8400-DB820A145CC5}.Ad-Hoc|Any CPU.Build.0 = Release|x64
		{E4026C74-8794-48A5-8400-DB820A145CC5}.Ad-Hoc|Any CPU.Deploy.0 = Release|x64
		{E4026C74-8794-48A5-8400-DB820A145CC5}.Ad-Hoc|ARM.ActiveCfg = Release|ARM
		{E4026C74-8794-48A5-8400-DB820A145CC5}.Ad-Hoc|ARM.Build.0 = Release|ARM
		{E4026C74-8794-48A5-8400-DB820A145CC5}.Ad-Hoc|ARM.Deploy.0 = Release|ARM
		{E4026C74-8794-48A5-8400-DB820A145CC5}.Ad-Hoc|iPhone.ActiveCfg = Release|x64
		{E4026C74-8794-48A5-8400-DB820A145CC5}.Ad-Hoc|iPhone.Build.0 = Release|x64
		{E4026C74-8794-48A5-8400-DB820A145CC5}.Ad-Hoc|iPhone.Deploy.0 = Release|x64
		{E4026C74-8794-48A5-8400-DB820A145CC5}.Ad-Hoc|iPhoneSimulator.ActiveCfg = Release|x64
		{E4026C74-8794-48A5-8400-DB820A145CC5}.Ad-Hoc|iPhoneSimulator.Build.0 = Release|x64
		{E4026C74-8794-48A5-8400-DB820A145CC5}.Ad-Hoc|iPhoneSimulator.Deploy.0 = Release|x64
		{E4026C74-8794-48A5-8400-DB820A145CC5}.Ad-Hoc|x64.ActiveCfg = Release|x64
		{E4026C74-8794-48A5-8400-DB820A145CC5}.Ad-Hoc|x64.Build.0 = Release|x64
		{E4026C74-8794-48A5-8400-DB820A145CC5}.Ad-Hoc|x64.Deploy.0 = Release|x64
		{E4026C74-8794-48A5-8400-DB820A145CC5}.Ad-Hoc|x86.ActiveCfg = Release|x86
		{E4026C74-8794-48A5-8400-DB820A145CC5}.Ad-Hoc|x86.Build.0 = Release|x86
		{E4026C74-8794-48A5-8400-DB820A145CC5}.Ad-Hoc|x86.Deploy.0 = Release|x86
		{E4026C74-8794-48A5-8400-DB820A145CC5}.AppStore|Any CPU.ActiveCfg = Release|x64
		{E4026C74-8794-48A5-8400-DB820A145CC5}.AppStore|Any CPU.Build.0 = Release|x64
		{E4026C74-8794-48A5-8400-DB820A145CC5}.AppStore|Any CPU.Deploy.0 = Release|x64
		{E4026C74-8794-48A5-8400-DB820A145CC5}.AppStore|ARM.ActiveCfg = Release|ARM
		{E4026C74-8794-48A5-8400-DB820A145CC5}.AppStore|ARM.Build.0 = Release|ARM
		{E4026C74-8794-48A5-8400-DB820A145CC5}.AppStore|ARM.Deploy.0 = Release|ARM
		{E4026C74-8794-48A5-8400-DB820A145CC5}.AppStore|iPhone.ActiveCfg = Release|x64
		{E4026C74-8794-48A5-8400-DB820A145CC5}.AppStore|iPhone.Build.0 = Release|x64
		{E4026C74-8794-48A5-8400-DB820A145CC5}.AppStore|iPhone.Deploy.0 = Release|x64
		{E4026C74-8794-48A5-8400-DB820A145CC5}.AppStore|iPhoneSimulator.ActiveCfg = Release|x64
		{E4026C74-8794-48A5-8400-DB820A145CC5}.AppStore|iPhoneSimulator.Build.0 = Release|x64
		{E4026C74-8794-48A5-8400-DB820A145CC5}.AppStore|iPhoneSimulator.Deploy.0 = Release|x64
		{E4026C74-8794-48A5-8400-DB820A145CC5}.AppStore|x64.ActiveCfg = Release|x64
		{E4026C74-8794-48A5-8400-DB820A145CC5}.AppStore|x64.Build.0 = Release|x64
		{E4026C74-8794-48A5-8400-DB820A145CC5}.AppStore|x64.Deploy.0 = Release|x64
		{E4026C74-8794-48A5-8400-DB820A145CC5}.AppStore|x86.ActiveCfg = Release|x86
		{E4026C74-8794-48A5-8400-DB820A145CC5}.AppStore|x86.Build.0 = Release|x86
		{E4026C74-8794-48A5-8400-DB820A145CC5}.AppStore|x86.Deploy.0 = Release|x86
		{E4026C74-8794-48A5-8400-DB820A145CC5}.Debug|Any CPU.ActiveCfg = Debug|x86
		{E4026C74-8794-48A5-8400-DB820A145CC5}.Debug|ARM.ActiveCfg = Debug|ARM
		{E4026C74-8794-48A5-8400-DB820A145CC5}.Debug|ARM.Build.0 = Debug|ARM
		{E4026C74-8794-48A5-8400-DB820A145CC5}.Debug|ARM.Deploy.0 = Debug|ARM
		{E4026C74-8794-48A5-8400-DB820A145CC5}.Debug|iPhone.ActiveCfg = Debug|x86
		{E4026C74-8794-48A5-8400-DB820A145CC5}.Debug|iPhoneSimulator.ActiveCfg = Debug|x86
		{E4026C74-8794-48A5-8400-DB820A145CC5}.Debug|x64.ActiveCfg = Debug|x64
		{E4026C74-8794-48A5-8400-DB820A145CC5}.Debug|x64.Build.0 = Debug|x64
		{E4026C74-8794-48A5-8400-DB820A145CC5}.Debug|x64.Deploy.0 = Debug|x64
		{E4026C74-8794-48A5-8400-DB820A145CC5}.Debug|x86.ActiveCfg = Debug|x86
		{E4026C74-8794-48A5-8400-DB820A145CC5}.Debug|x86.Build.0 = Debug|x86
		{E4026C74-8794-48A5-8400-DB820A145CC5}.Debug|x86.Deploy.0 = Debug|x86
		{E4026C74-8794-48A5-8400-DB820A145CC5}.Release|Any CPU.ActiveCfg = Release|x86
		{E4026C74-8794-48A5-8400-DB820A145CC5}.Release|ARM.ActiveCfg = Release|ARM
		{E4026C74-8794-48A5-8400-DB820A145CC5}.Release|ARM.Build.0 = Release|ARM
		{E4026C74-8794-48A5-8400-DB820A145CC5}.Release|ARM.Deploy.0 = Release|ARM
		{E4026C74-8794-48A5-8400-DB820A145CC5}.Release|iPhone.ActiveCfg = Release|x86
		{E4026C74-8794-48A5-8400-DB820A145CC5}.Release|iPhoneSimulator.ActiveCfg = Release|x86
		{E4026C74-8794-48A5-8400-DB820A145CC5}.Release|x64.ActiveCfg = Release|x64
		{E4026C74-8794-48A5-8400-DB820A145CC5}.Release|x64.Build.0 = Release|x64
		{E4026C74-8794-48A5-8400-DB820A145CC5}.Release|x64.Deploy.0 = Release|x64
		{E4026C74-8794-48A5-8400-DB820A145CC5}.Release|x86.ActiveCfg = Release|x86
		{E4026C74-8794-48A5-8400-DB820A145CC5}.Release|x86.Build.0 = Release|x86
		{E4026C74-8794-48A5-8400-DB820A145CC5}.Release|x86.Deploy.0 = Release|x86
		{D3E2A756-F7E5-491A-AAA8-329E506C78CA}.Ad-Hoc|Any CPU.ActiveCfg = Debug|Any CPU
		{D3E2A756-F7E5-491A-AAA8-329E506C78CA}.Ad-Hoc|Any CPU.Build.0 = Debug|Any CPU
		{D3E2A756-F7E5-491A-AAA8-329E506C78CA}.Ad-Hoc|ARM.ActiveCfg = Debug|Any CPU
		{D3E2A756-F7E5-491A-AAA8-329E506C78CA}.Ad-Hoc|ARM.Build.0 = Debug|Any CPU
		{D3E2A756-F7E5-491A-AAA8-329E506C78CA}.Ad-Hoc|iPhone.ActiveCfg = Debug|Any CPU
		{D3E2A756-F7E5-491A-AAA8-329E506C78CA}.Ad-Hoc|iPhone.Build.0 = Debug|Any CPU
		{D3E2A756-F7E5-491A-AAA8-329E506C78CA}.Ad-Hoc|iPhoneSimulator.ActiveCfg = Debug|Any CPU
		{D3E2A756-F7E5-491A-AAA8-329E506C78CA}.Ad-Hoc|iPhoneSimulator.Build.0 = Debug|Any CPU
		{D3E2A756-F7E5-491A-AAA8-329E506C78CA}.Ad-Hoc|x64.ActiveCfg = Debug|Any CPU
		{D3E2A756-F7E5-491A-AAA8-329E506C78CA}.Ad-Hoc|x64.Build.0 = Debug|Any CPU
		{D3E2A756-F7E5-491A-AAA8-329E506C78CA}.Ad-Hoc|x86.ActiveCfg = Debug|Any CPU
		{D3E2A756-F7E5-491A-AAA8-329E506C78CA}.Ad-Hoc|x86.Build.0 = Debug|Any CPU
		{D3E2A756-F7E5-491A-AAA8-329E506C78CA}.AppStore|Any CPU.ActiveCfg = Debug|Any CPU
		{D3E2A756-F7E5-491A-AAA8-329E506C78CA}.AppStore|Any CPU.Build.0 = Debug|Any CPU
		{D3E2A756-F7E5-491A-AAA8-329E506C78CA}.AppStore|ARM.ActiveCfg = Debug|Any CPU
		{D3E2A756-F7E5-491A-AAA8-329E506C78CA}.AppStore|ARM.Build.0 = Debug|Any CPU
		{D3E2A756-F7E5-491A-AAA8-329E506C78CA}.AppStore|iPhone.ActiveCfg = Debug|Any CPU
		{D3E2A756-F7E5-491A-AAA8-329E506C78CA}.AppStore|iPhone.Build.0 = Debug|Any CPU
		{D3E2A756-F7E5-491A-AAA8-329E506C78CA}.AppStore|iPhoneSimulator.ActiveCfg = Debug|Any CPU
		{D3E2A756-F7E5-491A-AAA8-329E506C78CA}.AppStore|iPhoneSimulator.Build.0 = Debug|Any CPU
		{D3E2A756-F7E5-491A-AAA8-329E506C78CA}.AppStore|x64.ActiveCfg = Debug|Any CPU
		{D3E2A756-F7E5-491A-AAA8-329E506C78CA}.AppStore|x64.Build.0 = Debug|Any CPU
		{D3E2A756-F7E5-491A-AAA8-329E506C78CA}.AppStore|x86.ActiveCfg = Debug|Any CPU
		{D3E2A756-F7E5-491A-AAA8-329E506C78CA}.AppStore|x86.Build.0 = Debug|Any CPU
		{D3E2A756-F7E5-491A-AAA8-329E506C78CA}.Debug|Any CPU.ActiveCfg = Debug|Any CPU
		{D3E2A756-F7E5-491A-AAA8-329E506C78CA}.Debug|Any CPU.Build.0 = Debug|Any CPU
		{D3E2A756-F7E5-491A-AAA8-329E506C78CA}.Debug|ARM.ActiveCfg = Debug|Any CPU
		{D3E2A756-F7E5-491A-AAA8-329E506C78CA}.Debug|ARM.Build.0 = Debug|Any CPU
		{D3E2A756-F7E5-491A-AAA8-329E506C78CA}.Debug|iPhone.ActiveCfg = Debug|Any CPU
		{D3E2A756-F7E5-491A-AAA8-329E506C78CA}.Debug|iPhone.Build.0 = Debug|Any CPU
		{D3E2A756-F7E5-491A-AAA8-329E506C78CA}.Debug|iPhoneSimulator.ActiveCfg = Debug|Any CPU
		{D3E2A756-F7E5-491A-AAA8-329E506C78CA}.Debug|iPhoneSimulator.Build.0 = Debug|Any CPU
		{D3E2A756-F7E5-491A-AAA8-329E506C78CA}.Debug|x64.ActiveCfg = Debug|Any CPU
		{D3E2A756-F7E5-491A-AAA8-329E506C78CA}.Debug|x64.Build.0 = Debug|Any CPU
		{D3E2A756-F7E5-491A-AAA8-329E506C78CA}.Debug|x86.ActiveCfg = Debug|Any CPU
		{D3E2A756-F7E5-491A-AAA8-329E506C78CA}.Debug|x86.Build.0 = Debug|Any CPU
		{D3E2A756-F7E5-491A-AAA8-329E506C78CA}.Release|Any CPU.ActiveCfg = Release|Any CPU
		{D3E2A756-F7E5-491A-AAA8-329E506C78CA}.Release|Any CPU.Build.0 = Release|Any CPU
		{D3E2A756-F7E5-491A-AAA8-329E506C78CA}.Release|ARM.ActiveCfg = Release|Any CPU
		{D3E2A756-F7E5-491A-AAA8-329E506C78CA}.Release|ARM.Build.0 = Release|Any CPU
		{D3E2A756-F7E5-491A-AAA8-329E506C78CA}.Release|iPhone.ActiveCfg = Release|Any CPU
		{D3E2A756-F7E5-491A-AAA8-329E506C78CA}.Release|iPhone.Build.0 = Release|Any CPU
		{D3E2A756-F7E5-491A-AAA8-329E506C78CA}.Release|iPhoneSimulator.ActiveCfg = Release|Any CPU
		{D3E2A756-F7E5-491A-AAA8-329E506C78CA}.Release|iPhoneSimulator.Build.0 = Release|Any CPU
		{D3E2A756-F7E5-491A-AAA8-329E506C78CA}.Release|x64.ActiveCfg = Release|Any CPU
		{D3E2A756-F7E5-491A-AAA8-329E506C78CA}.Release|x64.Build.0 = Release|Any CPU
		{D3E2A756-F7E5-491A-AAA8-329E506C78CA}.Release|x86.ActiveCfg = Release|Any CPU
		{D3E2A756-F7E5-491A-AAA8-329E506C78CA}.Release|x86.Build.0 = Release|Any CPU
	EndGlobalSection
	GlobalSection(SolutionProperties) = preSolution
		HideSolutionNode = FALSE
	EndGlobalSection
	GlobalSection(ExtensibilityGlobals) = postSolution
		SolutionGuid = {F28B1D56-E018-4C11-B0A3-7385A13EFA33}
	EndGlobalSection
EndGlobal
